
Microsoft Visual Studio Solution File, Format Version 12.00
# Visual Studio Version 17
VisualStudioVersion = 17.12.35521.163
MinimumVisualStudioVersion = 10.0.40219.1
Project("{9A19103F-16F7-4668-BE54-9A1E7A4F7556}") = "LifeAlert", "LifeAlert.csproj", "{48BB54A9-D41D-4BA1-B5C6-6B7313D63E95}"
EndProject
Global
	GlobalSection(SolutionConfigurationPlatforms) = preSolution
		Debug|Any CPU = Debug|Any CPU
		Release|Any CPU = Release|Any CPU
	EndGlobalSection
	GlobalSection(ProjectConfigurationPlatforms) = postSolution
		{48BB54A9-D41D-4BA1-B5C6-6B7313D63E95}.Debug|Any CPU.ActiveCfg = Debug|Any CPU
		{48BB54A9-D41D-4BA1-B5C6-6B7313D63E95}.Debug|Any CPU.Build.0 = Debug|Any CPU
		{48BB54A9-D41D-4BA1-B5C6-6B7313D63E95}.Release|Any CPU.ActiveCfg = Release|Any CPU
		{48BB54A9-D41D-4BA1-B5C6-6B7313D63E95}.Release|Any CPU.Build.0 = Release|Any CPU
	EndGlobalSection
	GlobalSection(SolutionProperties) = preSolution
		HideSolutionNode = FALSE
	EndGlobalSection
	GlobalSection(ExtensibilityGlobals) = postSolution
		SolutionGuid = {B453CA58-BBD2-40C5-8B29-DF851298693B}
	EndGlobalSection
EndGlobal
